
Microsoft Visual Studio Solution File, Format Version 12.00
# Visual Studio Version 17
VisualStudioVersion = 17.7.34302.85
MinimumVisualStudioVersion = 10.0.40219.1
Project("{9A19103F-16F7-4668-BE54-9A1E7A4F7556}") = "AptOnline.Api", "AptOnline.Api.csproj", "{4E1A00C6-8BDA-4CD4-8F96-9703288E3336}"
EndProject
Global
	GlobalSection(SolutionConfigurationPlatforms) = preSolution
		Debug|Any CPU = Debug|Any CPU
		Release|Any CPU = Release|Any CPU
	EndGlobalSection
	GlobalSection(ProjectConfigurationPlatforms) = postSolution
		{4E1A00C6-8BDA-4CD4-8F96-9703288E3336}.Debug|Any CPU.ActiveCfg = Debug|Any CPU
		{4E1A00C6-8BDA-4CD4-8F96-9703288E3336}.Debug|Any CPU.Build.0 = Debug|Any CPU
		{4E1A00C6-8BDA-4CD4-8F96-9703288E3336}.Release|Any CPU.ActiveCfg = Release|Any CPU
		{4E1A00C6-8BDA-4CD4-8F96-9703288E3336}.Release|Any CPU.Build.0 = Release|Any CPU
	EndGlobalSection
	GlobalSection(SolutionProperties) = preSolution
		HideSolutionNode = FALSE
	EndGlobalSection
	GlobalSection(ExtensibilityGlobals) = postSolution
		SolutionGuid = {8265A92D-5DFA-4D31-A9FC-4CFD05208CEE}
	EndGlobalSection
EndGlobal
